
Microsoft Visual Studio Solution File, Format Version 12.00
# Visual Studio Version 16
VisualStudioVersion = 16.0.32510.428
MinimumVisualStudioVersion = 10.0.40219.1
Project("{9A19103F-16F7-4668-BE54-9A1E7A4F7556}") = "BoletosWeb", "BoletosWeb\BoletosWeb.csproj", "{8598A166-EB2C-4CBD-BB05-C7E9B083B604}"
EndProject
Project("{FAE04EC0-301F-11D3-BF4B-00C04F79EFBC}") = "Boleto.Net", "..\..\CCENTER\Boleto.Net\Boleto.Net\Boleto.Net\Boleto.Net.csproj", "{F173E80B-E36B-48AD-B483-A27F8CA86F3C}"
EndProject
Global
	GlobalSection(SolutionConfigurationPlatforms) = preSolution
		Debug|Any CPU = Debug|Any CPU
		Release|Any CPU = Release|Any CPU
	EndGlobalSection
	GlobalSection(ProjectConfigurationPlatforms) = postSolution
		{8598A166-EB2C-4CBD-BB05-C7E9B083B604}.Debug|Any CPU.ActiveCfg = Debug|Any CPU
		{8598A166-EB2C-4CBD-BB05-C7E9B083B604}.Debug|Any CPU.Build.0 = Debug|Any CPU
		{8598A166-EB2C-4CBD-BB05-C7E9B083B604}.Release|Any CPU.ActiveCfg = Release|Any CPU
		{8598A166-EB2C-4CBD-BB05-C7E9B083B604}.Release|Any CPU.Build.0 = Release|Any CPU
		{F173E80B-E36B-48AD-B483-A27F8CA86F3C}.Debug|Any CPU.ActiveCfg = Debug|Any CPU
		{F173E80B-E36B-48AD-B483-A27F8CA86F3C}.Debug|Any CPU.Build.0 = Debug|Any CPU
		{F173E80B-E36B-48AD-B483-A27F8CA86F3C}.Release|Any CPU.ActiveCfg = Release|Any CPU
		{F173E80B-E36B-48AD-B483-A27F8CA86F3C}.Release|Any CPU.Build.0 = Release|Any CPU
	EndGlobalSection
	GlobalSection(SolutionProperties) = preSolution
		HideSolutionNode = FALSE
	EndGlobalSection
	GlobalSection(ExtensibilityGlobals) = postSolution
		SolutionGuid = {602263A1-09AC-435B-96B8-37ED06B9B077}
	EndGlobalSection
EndGlobal
